
Microsoft Visual Studio Solution File, Format Version 12.00
# Visual Studio 15
Project("{FAE04EC0-301F-11D3-BF4B-00C04F79EFBC}") = "RevStackCore.Aws.Support", "RevStackCore.Aws.Support\RevStackCore.Aws.Support.csproj", "{D885BC2F-E34D-45B3-9A74-AFB4388C48F3}"
EndProject
Global
	GlobalSection(SolutionConfigurationPlatforms) = preSolution
		Debug|Any CPU = Debug|Any CPU
		Release|Any CPU = Release|Any CPU
	EndGlobalSection
	GlobalSection(ProjectConfigurationPlatforms) = postSolution
		{D885BC2F-E34D-45B3-9A74-AFB4388C48F3}.Debug|Any CPU.ActiveCfg = Debug|Any CPU
		{D885BC2F-E34D-45B3-9A74-AFB4388C48F3}.Debug|Any CPU.Build.0 = Debug|Any CPU
		{D885BC2F-E34D-45B3-9A74-AFB4388C48F3}.Release|Any CPU.ActiveCfg = Release|Any CPU
		{D885BC2F-E34D-45B3-9A74-AFB4388C48F3}.Release|Any CPU.Build.0 = Release|Any CPU
	EndGlobalSection
EndGlobal
